
Microsoft Visual Studio Solution File, Format Version 12.00
# Visual Studio Version 16
VisualStudioVersion = 16.0.31005.135
MinimumVisualStudioVersion = 10.0.40219.1
Project("{FAE04EC0-301F-11D3-BF4B-00C04F79EFBC}") = "NotesMarketPlace", "NotesMarketPlace.csproj", "{9A93D683-5E9D-4FA2-94E7-E13A5CD669EF}"
EndProject
Global
	GlobalSection(SolutionConfigurationPlatforms) = preSolution
		Debug|Any CPU = Debug|Any CPU
		Release|Any CPU = Release|Any CPU
	EndGlobalSection
	GlobalSection(ProjectConfigurationPlatforms) = postSolution
		{9A93D683-5E9D-4FA2-94E7-E13A5CD669EF}.Debug|Any CPU.ActiveCfg = Debug|Any CPU
		{9A93D683-5E9D-4FA2-94E7-E13A5CD669EF}.Debug|Any CPU.Build.0 = Debug|Any CPU
		{9A93D683-5E9D-4FA2-94E7-E13A5CD669EF}.Release|Any CPU.ActiveCfg = Release|Any CPU
		{9A93D683-5E9D-4FA2-94E7-E13A5CD669EF}.Release|Any CPU.Build.0 = Release|Any CPU
	EndGlobalSection
	GlobalSection(SolutionProperties) = preSolution
		HideSolutionNode = FALSE
	EndGlobalSection
	GlobalSection(ExtensibilityGlobals) = postSolution
		SolutionGuid = {65CDAE0B-52CA-4CE2-854A-5B6B607A89A7}
	EndGlobalSection
EndGlobal
