
Microsoft Visual Studio Solution File, Format Version 12.00
# Visual Studio Version 16
VisualStudioVersion = 16.0.31129.286
MinimumVisualStudioVersion = 10.0.40219.1
Project("{FAE04EC0-301F-11D3-BF4B-00C04F79EFBC}") = "Notes", "Notes.csproj", "{8DAFF1B9-B2BA-42FB-9C12-D89FBC15F294}"
EndProject
Global
	GlobalSection(SolutionConfigurationPlatforms) = preSolution
		Debug|Any CPU = Debug|Any CPU
		Release|Any CPU = Release|Any CPU
	EndGlobalSection
	GlobalSection(ProjectConfigurationPlatforms) = postSolution
		{8DAFF1B9-B2BA-42FB-9C12-D89FBC15F294}.Debug|Any CPU.ActiveCfg = Debug|Any CPU
		{8DAFF1B9-B2BA-42FB-9C12-D89FBC15F294}.Debug|Any CPU.Build.0 = Debug|Any CPU
		{8DAFF1B9-B2BA-42FB-9C12-D89FBC15F294}.Release|Any CPU.ActiveCfg = Release|Any CPU
		{8DAFF1B9-B2BA-42FB-9C12-D89FBC15F294}.Release|Any CPU.Build.0 = Release|Any CPU
	EndGlobalSection
	GlobalSection(SolutionProperties) = preSolution
		HideSolutionNode = FALSE
	EndGlobalSection
	GlobalSection(ExtensibilityGlobals) = postSolution
		SolutionGuid = {750481E6-C856-4C43-ACF1-9AE71A477410}
	EndGlobalSection
EndGlobal
